{
  "version": 4,
  "terraform_version": "1.1.0",
  "serial": 70,
  "lineage": "50c3141c-b1ae-827e-52d1-ea534b0ff100",
  "outputs": {},
  "resources": [
    {
      "mode": "managed",
      "type": "azurerm_linux_virtual_machine",
      "name": "terraform-test-1",
      "provider": "provider[\"registry.terraform.io/hashicorp/azurerm\"]",
      "instances": [
        {
          "schema_version": 0,
          "attributes": {
            "additional_capabilities": [],
            "admin_password": null,
            "admin_ssh_key": [
              {
                "public_key": "ssh-rsa AAAAB3NzaC1yc2EAAAADAQABAAABAQDMkUWaGPT5hM8bz8+jNX90zYQ9/c1WZaFIU/oULJtNXyxsbBCgneiKVvZIY6YDy7NhpSdOJ2dVhgaERU7E2ngHBZawIXY/0CvyBLSzz4iRbqZquc6HiNOUqEj/HiEI+C47pAuruyL9kcYjVApY0a7soETkoK/k6cvYTAxjtxZ7wKKtdcNDks5wgLCyxWdAJ74eI+sBKcVh/jG/ovVcmHQYcOIO9CY63qRz6F0yOG2Lx2/OjyjuzHgd2CJ+5v1vnMGFaNIKfB3Wq1gBA8DdOlOEmnxv4pMmQmBj1lf5BKsWLtO0uezjzA2bvLLW9qWndoWMwOFwTBqIO2BwLYR2Q9OL ubuntu@ubuntu\n",
                "username": "adminuser"
              }
            ],
            "admin_username": "adminuser",
            "allow_extension_operations": true,
            "availability_set_id": "",
            "boot_diagnostics": [],
            "computer_name": "terraform-machine-1",
            "custom_data": null,
            "dedicated_host_id": "",
            "disable_password_authentication": true,
            "encryption_at_host_enabled": false,
            "eviction_policy": "",
            "extensions_time_budget": "PT1H30M",
            "id": "/subscriptions/d76100e8-9e78-401e-83b2-4ab9965307f7/resourceGroups/terraform-test-1-rg/providers/Microsoft.Compute/virtualMachines/terraform-machine-1",
            "identity": [],
            "location": "eastus",
            "max_bid_price": -1,
            "name": "terraform-machine-1",
            "network_interface_ids": [
              "/subscriptions/d76100e8-9e78-401e-83b2-4ab9965307f7/resourceGroups/terraform-test-1-rg/providers/Microsoft.Network/networkInterfaces/terraform-test-1-nic"
            ],
            "os_disk": [
              {
                "caching": "ReadWrite",
                "diff_disk_settings": [],
                "disk_encryption_set_id": "",
                "disk_size_gb": 30,
                "name": "terraform-machine-1_OsDisk_1_50ab08fad64542eb82659037d60844f4",
                "storage_account_type": "Standard_LRS",
                "write_accelerator_enabled": false
              }
            ],
            "plan": [],
            "priority": "Regular",
            "private_ip_address": "10.0.0.4",
            "private_ip_addresses": [
              "10.0.0.4"
            ],
            "provision_vm_agent": true,
            "proximity_placement_group_id": "",
            "public_ip_address": "",
            "public_ip_addresses": [],
            "resource_group_name": "terraform-test-1-rg",
            "secret": [],
            "size": "Standard_D2_v2",
            "source_image_id": "",
            "source_image_reference": [
              {
                "offer": "UbuntuServer",
                "publisher": "Canonical",
                "sku": "16.04-LTS",
                "version": "latest"
              }
            ],
            "tags": null,
            "timeouts": null,
            "virtual_machine_id": "8c704632-98ff-448a-81c9-bc348599f0ce",
            "virtual_machine_scale_set_id": "",
            "zone": ""
          },
          "sensitive_attributes": [],
          "private": "eyJlMmJmYjczMC1lY2FhLTExZTYtOGY4OC0zNDM2M2JjN2M0YzAiOnsiY3JlYXRlIjoyNzAwMDAwMDAwMDAwLCJkZWxldGUiOjI3MDAwMDAwMDAwMDAsInJlYWQiOjMwMDAwMDAwMDAwMCwidXBkYXRlIjoyNzAwMDAwMDAwMDAwfX0=",
          "dependencies": [
            "azurerm_network_interface.terraform-test-1",
            "azurerm_resource_group.terraform-test-1",
            "azurerm_subnet.terraform-test-1",
            "azurerm_virtual_network.terraform-test-1"
          ]
        }
      ]
    },
    {
      "mode": "managed",
      "type": "azurerm_linux_virtual_machine",
      "name": "terraform-test-2",
      "provider": "provider[\"registry.terraform.io/hashicorp/azurerm\"]",
      "instances": [
        {
          "schema_version": 0,
          "attributes": {
            "additional_capabilities": [],
            "admin_password": null,
            "admin_ssh_key": [
              {
                "public_key": "ssh-rsa AAAAB3NzaC1yc2EAAAADAQABAAABAQDMkUWaGPT5hM8bz8+jNX90zYQ9/c1WZaFIU/oULJtNXyxsbBCgneiKVvZIY6YDy7NhpSdOJ2dVhgaERU7E2ngHBZawIXY/0CvyBLSzz4iRbqZquc6HiNOUqEj/HiEI+C47pAuruyL9kcYjVApY0a7soETkoK/k6cvYTAxjtxZ7wKKtdcNDks5wgLCyxWdAJ74eI+sBKcVh/jG/ovVcmHQYcOIO9CY63qRz6F0yOG2Lx2/OjyjuzHgd2CJ+5v1vnMGFaNIKfB3Wq1gBA8DdOlOEmnxv4pMmQmBj1lf5BKsWLtO0uezjzA2bvLLW9qWndoWMwOFwTBqIO2BwLYR2Q9OL ubuntu@ubuntu\n",
                "username": "adminuser"
              }
            ],
            "admin_username": "adminuser",
            "allow_extension_operations": true,
            "availability_set_id": "",
            "boot_diagnostics": [],
            "computer_name": "terraform-machine-2",
            "custom_data": null,
            "dedicated_host_id": "",
            "disable_password_authentication": true,
            "encryption_at_host_enabled": false,
            "eviction_policy": "",
            "extensions_time_budget": "PT1H30M",
            "id": "/subscriptions/d76100e8-9e78-401e-83b2-4ab9965307f7/resourceGroups/terraform-test-2-rg/providers/Microsoft.Compute/virtualMachines/terraform-machine-2",
            "identity": [],
            "location": "eastus",
            "max_bid_price": -1,
            "name": "terraform-machine-2",
            "network_interface_ids": [
              "/subscriptions/d76100e8-9e78-401e-83b2-4ab9965307f7/resourceGroups/terraform-test-2-rg/providers/Microsoft.Network/networkInterfaces/terraform-test-2-nic"
            ],
            "os_disk": [
              {
                "caching": "ReadWrite",
                "diff_disk_settings": [],
                "disk_encryption_set_id": "",
                "disk_size_gb": 30,
                "name": "terraform-machine-2_OsDisk_1_de385af48f824195b02a670a43b785f9",
                "storage_account_type": "Standard_LRS",
                "write_accelerator_enabled": false
              }
            ],
            "plan": [],
            "priority": "Regular",
            "private_ip_address": "10.0.0.4",
            "private_ip_addresses": [
              "10.0.0.4"
            ],
            "provision_vm_agent": true,
            "proximity_placement_group_id": "",
            "public_ip_address": "",
            "public_ip_addresses": [],
            "resource_group_name": "terraform-test-2-rg",
            "secret": [],
            "size": "Standard_D2_v2",
            "source_image_id": "",
            "source_image_reference": [
              {
                "offer": "UbuntuServer",
                "publisher": "Canonical",
                "sku": "16.04-LTS",
                "version": "latest"
              }
            ],
            "tags": null,
            "timeouts": null,
            "virtual_machine_id": "d05a597b-5c18-41cc-a408-af6b69e0c7d8",
            "virtual_machine_scale_set_id": "",
            "zone": ""
          },
          "sensitive_attributes": [],
          "private": "eyJlMmJmYjczMC1lY2FhLTExZTYtOGY4OC0zNDM2M2JjN2M0YzAiOnsiY3JlYXRlIjoyNzAwMDAwMDAwMDAwLCJkZWxldGUiOjI3MDAwMDAwMDAwMDAsInJlYWQiOjMwMDAwMDAwMDAwMCwidXBkYXRlIjoyNzAwMDAwMDAwMDAwfX0=",
          "dependencies": [
            "azurerm_network_interface.terraform-test-2",
            "azurerm_resource_group.terraform-test-2",
            "azurerm_subnet.terraform-test-2",
            "azurerm_virtual_network.terraform-test-2"
          ]
        }
      ]
    },
    {
      "mode": "managed",
      "type": "azurerm_linux_virtual_machine",
      "name": "terraform-test-3",
      "provider": "provider[\"registry.terraform.io/hashicorp/azurerm\"]",
      "instances": [
        {
          "schema_version": 0,
          "attributes": {
            "additional_capabilities": [],
            "admin_password": null,
            "admin_ssh_key": [
              {
                "public_key": "ssh-rsa AAAAB3NzaC1yc2EAAAADAQABAAABAQDMkUWaGPT5hM8bz8+jNX90zYQ9/c1WZaFIU/oULJtNXyxsbBCgneiKVvZIY6YDy7NhpSdOJ2dVhgaERU7E2ngHBZawIXY/0CvyBLSzz4iRbqZquc6HiNOUqEj/HiEI+C47pAuruyL9kcYjVApY0a7soETkoK/k6cvYTAxjtxZ7wKKtdcNDks5wgLCyxWdAJ74eI+sBKcVh/jG/ovVcmHQYcOIO9CY63qRz6F0yOG2Lx2/OjyjuzHgd2CJ+5v1vnMGFaNIKfB3Wq1gBA8DdOlOEmnxv4pMmQmBj1lf5BKsWLtO0uezjzA2bvLLW9qWndoWMwOFwTBqIO2BwLYR2Q9OL ubuntu@ubuntu\n",
                "username": "adminuser"
              }
            ],
            "admin_username": "adminuser",
            "allow_extension_operations": true,
            "availability_set_id": "",
            "boot_diagnostics": [],
            "computer_name": "terraform-machine-3",
            "custom_data": null,
            "dedicated_host_id": "",
            "disable_password_authentication": true,
            "encryption_at_host_enabled": false,
            "eviction_policy": "",
            "extensions_time_budget": "PT1H30M",
            "id": "/subscriptions/d76100e8-9e78-401e-83b2-4ab9965307f7/resourceGroups/terraform-test-3-rg/providers/Microsoft.Compute/virtualMachines/terraform-machine-3",
            "identity": [],
            "location": "eastus",
            "max_bid_price": -1,
            "name": "terraform-machine-3",
            "network_interface_ids": [
              "/subscriptions/d76100e8-9e78-401e-83b2-4ab9965307f7/resourceGroups/terraform-test-3-rg/providers/Microsoft.Network/networkInterfaces/terraform-test-3-nic"
            ],
            "os_disk": [
              {
                "caching": "ReadWrite",
                "diff_disk_settings": [],
                "disk_encryption_set_id": "",
                "disk_size_gb": 30,
                "name": "terraform-machine-3_OsDisk_1_283e4c82648e40f08f4cd8b9fe5c067e",
                "storage_account_type": "Standard_LRS",
                "write_accelerator_enabled": false
              }
            ],
            "plan": [],
            "priority": "Regular",
            "private_ip_address": "10.0.0.4",
            "private_ip_addresses": [
              "10.0.0.4"
            ],
            "provision_vm_agent": true,
            "proximity_placement_group_id": "",
            "public_ip_address": "",
            "public_ip_addresses": [],
            "resource_group_name": "terraform-test-3-rg",
            "secret": [],
            "size": "Standard_D2_v2",
            "source_image_id": "",
            "source_image_reference": [
              {
                "offer": "UbuntuServer",
                "publisher": "Canonical",
                "sku": "16.04-LTS",
                "version": "latest"
              }
            ],
            "tags": null,
            "timeouts": null,
            "virtual_machine_id": "58c0cfa6-6e5b-474a-92ea-f8dfb4265e2c",
            "virtual_machine_scale_set_id": "",
            "zone": ""
          },
          "sensitive_attributes": [],
          "private": "eyJlMmJmYjczMC1lY2FhLTExZTYtOGY4OC0zNDM2M2JjN2M0YzAiOnsiY3JlYXRlIjoyNzAwMDAwMDAwMDAwLCJkZWxldGUiOjI3MDAwMDAwMDAwMDAsInJlYWQiOjMwMDAwMDAwMDAwMCwidXBkYXRlIjoyNzAwMDAwMDAwMDAwfX0=",
          "dependencies": [
            "azurerm_network_interface.terraform-test-3",
            "azurerm_resource_group.terraform-test-3",
            "azurerm_subnet.terraform-test-3",
            "azurerm_virtual_network.terraform-test-3"
          ]
        }
      ]
    },
    {
      "mode": "managed",
      "type": "azurerm_network_interface",
      "name": "terraform-test-1",
      "provider": "provider[\"registry.terraform.io/hashicorp/azurerm\"]",
      "instances": [
        {
          "schema_version": 0,
          "attributes": {
            "applied_dns_servers": [],
            "dns_servers": [],
            "enable_accelerated_networking": false,
            "enable_ip_forwarding": false,
            "id": "/subscriptions/d76100e8-9e78-401e-83b2-4ab9965307f7/resourceGroups/terraform-test-1-rg/providers/Microsoft.Network/networkInterfaces/terraform-test-1-nic",
            "internal_dns_name_label": "",
            "internal_domain_name_suffix": "ogi2kg0hxlzexearwad4sjayra.bx.internal.cloudapp.net",
            "ip_configuration": [
              {
                "name": "internal",
                "primary": true,
                "private_ip_address": "10.0.0.4",
                "private_ip_address_allocation": "Dynamic",
                "private_ip_address_version": "IPv4",
                "public_ip_address_id": "",
                "subnet_id": "/subscriptions/d76100e8-9e78-401e-83b2-4ab9965307f7/resourceGroups/terraform-test-1-rg/providers/Microsoft.Network/virtualNetworks/terraform-1-vnet/subnets/terraform-1-subnet"
              }
            ],
            "location": "eastus",
            "mac_address": "",
            "name": "terraform-test-1-nic",
            "private_ip_address": "10.0.0.4",
            "private_ip_addresses": [
              "10.0.0.4"
            ],
            "resource_group_name": "terraform-test-1-rg",
            "tags": null,
            "timeouts": null,
            "virtual_machine_id": ""
          },
          "sensitive_attributes": [],
          "private": "eyJlMmJmYjczMC1lY2FhLTExZTYtOGY4OC0zNDM2M2JjN2M0YzAiOnsiY3JlYXRlIjoxODAwMDAwMDAwMDAwLCJkZWxldGUiOjE4MDAwMDAwMDAwMDAsInJlYWQiOjMwMDAwMDAwMDAwMCwidXBkYXRlIjoxODAwMDAwMDAwMDAwfX0=",
          "dependencies": [
            "azurerm_resource_group.terraform-test-1",
            "azurerm_subnet.terraform-test-1",
            "azurerm_virtual_network.terraform-test-1"
          ]
        }
      ]
    },
    {
      "mode": "managed",
      "type": "azurerm_network_interface",
      "name": "terraform-test-2",
      "provider": "provider[\"registry.terraform.io/hashicorp/azurerm\"]",
      "instances": [
        {
          "schema_version": 0,
          "attributes": {
            "applied_dns_servers": [],
            "dns_servers": [],
            "enable_accelerated_networking": false,
            "enable_ip_forwarding": false,
            "id": "/subscriptions/d76100e8-9e78-401e-83b2-4ab9965307f7/resourceGroups/terraform-test-2-rg/providers/Microsoft.Network/networkInterfaces/terraform-test-2-nic",
            "internal_dns_name_label": "",
            "internal_domain_name_suffix": "2iricfxirw1ejjjpxpmwbbk1zh.bx.internal.cloudapp.net",
            "ip_configuration": [
              {
                "name": "internal",
                "primary": true,
                "private_ip_address": "10.0.0.4",
                "private_ip_address_allocation": "Dynamic",
                "private_ip_address_version": "IPv4",
                "public_ip_address_id": "",
                "subnet_id": "/subscriptions/d76100e8-9e78-401e-83b2-4ab9965307f7/resourceGroups/terraform-test-2-rg/providers/Microsoft.Network/virtualNetworks/terraform-2-vnet/subnets/terraform-2-subnet"
              }
            ],
            "location": "eastus",
            "mac_address": "",
            "name": "terraform-test-2-nic",
            "private_ip_address": "10.0.0.4",
            "private_ip_addresses": [
              "10.0.0.4"
            ],
            "resource_group_name": "terraform-test-2-rg",
            "tags": null,
            "timeouts": null,
            "virtual_machine_id": ""
          },
          "sensitive_attributes": [],
          "private": "eyJlMmJmYjczMC1lY2FhLTExZTYtOGY4OC0zNDM2M2JjN2M0YzAiOnsiY3JlYXRlIjoxODAwMDAwMDAwMDAwLCJkZWxldGUiOjE4MDAwMDAwMDAwMDAsInJlYWQiOjMwMDAwMDAwMDAwMCwidXBkYXRlIjoxODAwMDAwMDAwMDAwfX0=",
          "dependencies": [
            "azurerm_resource_group.terraform-test-2",
            "azurerm_subnet.terraform-test-2",
            "azurerm_virtual_network.terraform-test-2"
          ]
        }
      ]
    },
    {
      "mode": "managed",
      "type": "azurerm_network_interface",
      "name": "terraform-test-3",
      "provider": "provider[\"registry.terraform.io/hashicorp/azurerm\"]",
      "instances": [
        {
          "schema_version": 0,
          "attributes": {
            "applied_dns_servers": [],
            "dns_servers": [],
            "enable_accelerated_networking": false,
            "enable_ip_forwarding": false,
            "id": "/subscriptions/d76100e8-9e78-401e-83b2-4ab9965307f7/resourceGroups/terraform-test-3-rg/providers/Microsoft.Network/networkInterfaces/terraform-test-3-nic",
            "internal_dns_name_label": "",
            "internal_domain_name_suffix": "2wv3hx2xcfvu5ot3sg2cz4fe4e.bx.internal.cloudapp.net",
            "ip_configuration": [
              {
                "name": "internal",
                "primary": true,
                "private_ip_address": "10.0.0.4",
                "private_ip_address_allocation": "Dynamic",
                "private_ip_address_version": "IPv4",
                "public_ip_address_id": "",
                "subnet_id": "/subscriptions/d76100e8-9e78-401e-83b2-4ab9965307f7/resourceGroups/terraform-test-3-rg/providers/Microsoft.Network/virtualNetworks/terraform-3-vnet/subnets/terraform-3-subnet"
              }
            ],
            "location": "eastus",
            "mac_address": "",
            "name": "terraform-test-3-nic",
            "private_ip_address": "10.0.0.4",
            "private_ip_addresses": [
              "10.0.0.4"
            ],
            "resource_group_name": "terraform-test-3-rg",
            "tags": null,
            "timeouts": null,
            "virtual_machine_id": ""
          },
          "sensitive_attributes": [],
          "private": "eyJlMmJmYjczMC1lY2FhLTExZTYtOGY4OC0zNDM2M2JjN2M0YzAiOnsiY3JlYXRlIjoxODAwMDAwMDAwMDAwLCJkZWxldGUiOjE4MDAwMDAwMDAwMDAsInJlYWQiOjMwMDAwMDAwMDAwMCwidXBkYXRlIjoxODAwMDAwMDAwMDAwfX0=",
          "dependencies": [
            "azurerm_resource_group.terraform-test-3",
            "azurerm_subnet.terraform-test-3",
            "azurerm_virtual_network.terraform-test-3"
          ]
        }
      ]
    },
    {
      "mode": "managed",
      "type": "azurerm_public_ip",
      "name": "terraform-test-1",
      "provider": "provider[\"registry.terraform.io/hashicorp/azurerm\"]",
      "instances": [
        {
          "schema_version": 0,
          "attributes": {
            "allocation_method": "Static",
            "domain_name_label": null,
            "fqdn": null,
            "id": "/subscriptions/d76100e8-9e78-401e-83b2-4ab9965307f7/resourceGroups/terraform-test-1-rg/providers/Microsoft.Network/publicIPAddresses/publicIPForTerraformVM",
            "idle_timeout_in_minutes": 4,
            "ip_address": "20.127.19.88",
            "ip_version": "IPv4",
            "location": "eastus",
            "name": "publicIPForTerraformVM",
            "public_ip_prefix_id": null,
            "resource_group_name": "terraform-test-1-rg",
            "reverse_fqdn": null,
            "sku": "Basic",
            "tags": null,
            "timeouts": null,
            "zones": null
          },
          "sensitive_attributes": [],
          "private": "eyJlMmJmYjczMC1lY2FhLTExZTYtOGY4OC0zNDM2M2JjN2M0YzAiOnsiY3JlYXRlIjoxODAwMDAwMDAwMDAwLCJkZWxldGUiOjE4MDAwMDAwMDAwMDAsInJlYWQiOjMwMDAwMDAwMDAwMCwidXBkYXRlIjoxODAwMDAwMDAwMDAwfX0=",
          "dependencies": [
            "azurerm_resource_group.terraform-test-1"
          ]
        }
      ]
    },
    {
      "mode": "managed",
      "type": "azurerm_public_ip",
      "name": "terraform-test-2",
      "provider": "provider[\"registry.terraform.io/hashicorp/azurerm\"]",
      "instances": [
        {
          "schema_version": 0,
          "attributes": {
            "allocation_method": "Static",
            "domain_name_label": null,
            "fqdn": null,
            "id": "/subscriptions/d76100e8-9e78-401e-83b2-4ab9965307f7/resourceGroups/terraform-test-2-rg/providers/Microsoft.Network/publicIPAddresses/publicIPForTerraformVM",
            "idle_timeout_in_minutes": 4,
            "ip_address": "20.127.17.116",
            "ip_version": "IPv4",
            "location": "eastus",
            "name": "publicIPForTerraformVM",
            "public_ip_prefix_id": null,
            "resource_group_name": "terraform-test-2-rg",
            "reverse_fqdn": null,
            "sku": "Basic",
            "tags": null,
            "timeouts": null,
            "zones": null
          },
          "sensitive_attributes": [],
          "private": "eyJlMmJmYjczMC1lY2FhLTExZTYtOGY4OC0zNDM2M2JjN2M0YzAiOnsiY3JlYXRlIjoxODAwMDAwMDAwMDAwLCJkZWxldGUiOjE4MDAwMDAwMDAwMDAsInJlYWQiOjMwMDAwMDAwMDAwMCwidXBkYXRlIjoxODAwMDAwMDAwMDAwfX0=",
          "dependencies": [
            "azurerm_resource_group.terraform-test-2"
          ]
        }
      ]
    },
    {
      "mode": "managed",
      "type": "azurerm_public_ip",
      "name": "terraform-test-3",
      "provider": "provider[\"registry.terraform.io/hashicorp/azurerm\"]",
      "instances": [
        {
          "schema_version": 0,
          "attributes": {
            "allocation_method": "Static",
            "domain_name_label": null,
            "fqdn": null,
            "id": "/subscriptions/d76100e8-9e78-401e-83b2-4ab9965307f7/resourceGroups/terraform-test-3-rg/providers/Microsoft.Network/publicIPAddresses/publicIPForTerraformVM",
            "idle_timeout_in_minutes": 4,
            "ip_address": "20.127.17.125",
            "ip_version": "IPv4",
            "location": "eastus",
            "name": "publicIPForTerraformVM",
            "public_ip_prefix_id": null,
            "resource_group_name": "terraform-test-3-rg",
            "reverse_fqdn": null,
            "sku": "Basic",
            "tags": null,
            "timeouts": null,
            "zones": null
          },
          "sensitive_attributes": [],
          "private": "eyJlMmJmYjczMC1lY2FhLTExZTYtOGY4OC0zNDM2M2JjN2M0YzAiOnsiY3JlYXRlIjoxODAwMDAwMDAwMDAwLCJkZWxldGUiOjE4MDAwMDAwMDAwMDAsInJlYWQiOjMwMDAwMDAwMDAwMCwidXBkYXRlIjoxODAwMDAwMDAwMDAwfX0=",
          "dependencies": [
            "azurerm_resource_group.terraform-test-3"
          ]
        }
      ]
    },
    {
      "mode": "managed",
      "type": "azurerm_resource_group",
      "name": "terraform-test-1",
      "provider": "provider[\"registry.terraform.io/hashicorp/azurerm\"]",
      "instances": [
        {
          "schema_version": 0,
          "attributes": {
            "id": "/subscriptions/d76100e8-9e78-401e-83b2-4ab9965307f7/resourceGroups/terraform-test-1-rg",
            "location": "eastus",
            "name": "terraform-test-1-rg",
            "tags": null,
            "timeouts": null
          },
          "sensitive_attributes": [],
          "private": "eyJlMmJmYjczMC1lY2FhLTExZTYtOGY4OC0zNDM2M2JjN2M0YzAiOnsiY3JlYXRlIjo1NDAwMDAwMDAwMDAwLCJkZWxldGUiOjU0MDAwMDAwMDAwMDAsInJlYWQiOjMwMDAwMDAwMDAwMCwidXBkYXRlIjo1NDAwMDAwMDAwMDAwfX0="
        }
      ]
    },
    {
      "mode": "managed",
      "type": "azurerm_resource_group",
      "name": "terraform-test-2",
      "provider": "provider[\"registry.terraform.io/hashicorp/azurerm\"]",
      "instances": [
        {
          "schema_version": 0,
          "attributes": {
            "id": "/subscriptions/d76100e8-9e78-401e-83b2-4ab9965307f7/resourceGroups/terraform-test-2-rg",
            "location": "eastus",
            "name": "terraform-test-2-rg",
            "tags": null,
            "timeouts": null
          },
          "sensitive_attributes": [],
          "private": "eyJlMmJmYjczMC1lY2FhLTExZTYtOGY4OC0zNDM2M2JjN2M0YzAiOnsiY3JlYXRlIjo1NDAwMDAwMDAwMDAwLCJkZWxldGUiOjU0MDAwMDAwMDAwMDAsInJlYWQiOjMwMDAwMDAwMDAwMCwidXBkYXRlIjo1NDAwMDAwMDAwMDAwfX0="
        }
      ]
    },
    {
      "mode": "managed",
      "type": "azurerm_resource_group",
      "name": "terraform-test-3",
      "provider": "provider[\"registry.terraform.io/hashicorp/azurerm\"]",
      "instances": [
        {
          "schema_version": 0,
          "attributes": {
            "id": "/subscriptions/d76100e8-9e78-401e-83b2-4ab9965307f7/resourceGroups/terraform-test-3-rg",
            "location": "eastus",
            "name": "terraform-test-3-rg",
            "tags": null,
            "timeouts": null
          },
          "sensitive_attributes": [],
          "private": "eyJlMmJmYjczMC1lY2FhLTExZTYtOGY4OC0zNDM2M2JjN2M0YzAiOnsiY3JlYXRlIjo1NDAwMDAwMDAwMDAwLCJkZWxldGUiOjU0MDAwMDAwMDAwMDAsInJlYWQiOjMwMDAwMDAwMDAwMCwidXBkYXRlIjo1NDAwMDAwMDAwMDAwfX0="
        }
      ]
    },
    {
      "mode": "managed",
      "type": "azurerm_subnet",
      "name": "terraform-test-1",
      "provider": "provider[\"registry.terraform.io/hashicorp/azurerm\"]",
      "instances": [
        {
          "schema_version": 0,
          "attributes": {
            "address_prefix": "10.0.0.0/24",
            "address_prefixes": [
              "10.0.0.0/24"
            ],
            "delegation": [],
            "enforce_private_link_endpoint_network_policies": false,
            "enforce_private_link_service_network_policies": false,
            "id": "/subscriptions/d76100e8-9e78-401e-83b2-4ab9965307f7/resourceGroups/terraform-test-1-rg/providers/Microsoft.Network/virtualNetworks/terraform-1-vnet/subnets/terraform-1-subnet",
            "name": "terraform-1-subnet",
            "resource_group_name": "terraform-test-1-rg",
            "service_endpoint_policy_ids": null,
            "service_endpoints": null,
            "timeouts": null,
            "virtual_network_name": "terraform-1-vnet"
          },
          "sensitive_attributes": [],
          "private": "eyJlMmJmYjczMC1lY2FhLTExZTYtOGY4OC0zNDM2M2JjN2M0YzAiOnsiY3JlYXRlIjoxODAwMDAwMDAwMDAwLCJkZWxldGUiOjE4MDAwMDAwMDAwMDAsInJlYWQiOjMwMDAwMDAwMDAwMCwidXBkYXRlIjoxODAwMDAwMDAwMDAwfX0=",
          "dependencies": [
            "azurerm_resource_group.terraform-test-1",
            "azurerm_virtual_network.terraform-test-1"
          ]
        }
      ]
    },
    {
      "mode": "managed",
      "type": "azurerm_subnet",
      "name": "terraform-test-2",
      "provider": "provider[\"registry.terraform.io/hashicorp/azurerm\"]",
      "instances": [
        {
          "schema_version": 0,
          "attributes": {
            "address_prefix": "10.0.0.0/24",
            "address_prefixes": [
              "10.0.0.0/24"
            ],
            "delegation": [],
            "enforce_private_link_endpoint_network_policies": false,
            "enforce_private_link_service_network_policies": false,
            "id": "/subscriptions/d76100e8-9e78-401e-83b2-4ab9965307f7/resourceGroups/terraform-test-2-rg/providers/Microsoft.Network/virtualNetworks/terraform-2-vnet/subnets/terraform-2-subnet",
            "name": "terraform-2-subnet",
            "resource_group_name": "terraform-test-2-rg",
            "service_endpoint_policy_ids": null,
            "service_endpoints": null,
            "timeouts": null,
            "virtual_network_name": "terraform-2-vnet"
          },
          "sensitive_attributes": [],
          "private": "eyJlMmJmYjczMC1lY2FhLTExZTYtOGY4OC0zNDM2M2JjN2M0YzAiOnsiY3JlYXRlIjoxODAwMDAwMDAwMDAwLCJkZWxldGUiOjE4MDAwMDAwMDAwMDAsInJlYWQiOjMwMDAwMDAwMDAwMCwidXBkYXRlIjoxODAwMDAwMDAwMDAwfX0=",
          "dependencies": [
            "azurerm_resource_group.terraform-test-2",
            "azurerm_virtual_network.terraform-test-2"
          ]
        }
      ]
    },
    {
      "mode": "managed",
      "type": "azurerm_subnet",
      "name": "terraform-test-3",
      "provider": "provider[\"registry.terraform.io/hashicorp/azurerm\"]",
      "instances": [
        {
          "schema_version": 0,
          "attributes": {
            "address_prefix": "10.0.0.0/24",
            "address_prefixes": [
              "10.0.0.0/24"
            ],
            "delegation": [],
            "enforce_private_link_endpoint_network_policies": false,
            "enforce_private_link_service_network_policies": false,
            "id": "/subscriptions/d76100e8-9e78-401e-83b2-4ab9965307f7/resourceGroups/terraform-test-3-rg/providers/Microsoft.Network/virtualNetworks/terraform-3-vnet/subnets/terraform-3-subnet",
            "name": "terraform-3-subnet",
            "resource_group_name": "terraform-test-3-rg",
            "service_endpoint_policy_ids": null,
            "service_endpoints": null,
            "timeouts": null,
            "virtual_network_name": "terraform-3-vnet"
          },
          "sensitive_attributes": [],
          "private": "eyJlMmJmYjczMC1lY2FhLTExZTYtOGY4OC0zNDM2M2JjN2M0YzAiOnsiY3JlYXRlIjoxODAwMDAwMDAwMDAwLCJkZWxldGUiOjE4MDAwMDAwMDAwMDAsInJlYWQiOjMwMDAwMDAwMDAwMCwidXBkYXRlIjoxODAwMDAwMDAwMDAwfX0=",
          "dependencies": [
            "azurerm_resource_group.terraform-test-3",
            "azurerm_virtual_network.terraform-test-3"
          ]
        }
      ]
    },
    {
      "mode": "managed",
      "type": "azurerm_virtual_network",
      "name": "terraform-test-1",
      "provider": "provider[\"registry.terraform.io/hashicorp/azurerm\"]",
      "instances": [
        {
          "schema_version": 0,
          "attributes": {
            "address_space": [
              "10.0.0.0/16"
            ],
            "bgp_community": "",
            "ddos_protection_plan": [],
            "dns_servers": null,
            "guid": "1bc59171-ba47-4bf2-9011-b007e9241888",
            "id": "/subscriptions/d76100e8-9e78-401e-83b2-4ab9965307f7/resourceGroups/terraform-test-1-rg/providers/Microsoft.Network/virtualNetworks/terraform-1-vnet",
            "location": "eastus",
            "name": "terraform-1-vnet",
            "resource_group_name": "terraform-test-1-rg",
            "subnet": [],
            "tags": null,
            "timeouts": null,
            "vm_protection_enabled": false
          },
          "sensitive_attributes": [],
          "private": "eyJlMmJmYjczMC1lY2FhLTExZTYtOGY4OC0zNDM2M2JjN2M0YzAiOnsiY3JlYXRlIjoxODAwMDAwMDAwMDAwLCJkZWxldGUiOjE4MDAwMDAwMDAwMDAsInJlYWQiOjMwMDAwMDAwMDAwMCwidXBkYXRlIjoxODAwMDAwMDAwMDAwfX0=",
          "dependencies": [
            "azurerm_resource_group.terraform-test-1"
          ]
        }
      ]
    },
    {
      "mode": "managed",
      "type": "azurerm_virtual_network",
      "name": "terraform-test-2",
      "provider": "provider[\"registry.terraform.io/hashicorp/azurerm\"]",
      "instances": [
        {
          "schema_version": 0,
          "attributes": {
            "address_space": [
              "10.0.0.0/16"
            ],
            "bgp_community": "",
            "ddos_protection_plan": [],
            "dns_servers": null,
            "guid": "168122e2-8de8-44b6-a52f-bbd960855bcf",
            "id": "/subscriptions/d76100e8-9e78-401e-83b2-4ab9965307f7/resourceGroups/terraform-test-2-rg/providers/Microsoft.Network/virtualNetworks/terraform-2-vnet",
            "location": "eastus",
            "name": "terraform-2-vnet",
            "resource_group_name": "terraform-test-2-rg",
            "subnet": [],
            "tags": null,
            "timeouts": null,
            "vm_protection_enabled": false
          },
          "sensitive_attributes": [],
          "private": "eyJlMmJmYjczMC1lY2FhLTExZTYtOGY4OC0zNDM2M2JjN2M0YzAiOnsiY3JlYXRlIjoxODAwMDAwMDAwMDAwLCJkZWxldGUiOjE4MDAwMDAwMDAwMDAsInJlYWQiOjMwMDAwMDAwMDAwMCwidXBkYXRlIjoxODAwMDAwMDAwMDAwfX0=",
          "dependencies": [
            "azurerm_resource_group.terraform-test-2"
          ]
        }
      ]
    },
    {
      "mode": "managed",
      "type": "azurerm_virtual_network",
      "name": "terraform-test-3",
      "provider": "provider[\"registry.terraform.io/hashicorp/azurerm\"]",
      "instances": [
        {
          "schema_version": 0,
          "attributes": {
            "address_space": [
              "10.0.0.0/16"
            ],
            "bgp_community": "",
            "ddos_protection_plan": [],
            "dns_servers": null,
            "guid": "dfd3abe5-1197-4f6b-ba7d-91b82cf8a4f4",
            "id": "/subscriptions/d76100e8-9e78-401e-83b2-4ab9965307f7/resourceGroups/terraform-test-3-rg/providers/Microsoft.Network/virtualNetworks/terraform-3-vnet",
            "location": "eastus",
            "name": "terraform-3-vnet",
            "resource_group_name": "terraform-test-3-rg",
            "subnet": [],
            "tags": null,
            "timeouts": null,
            "vm_protection_enabled": false
          },
          "sensitive_attributes": [],
          "private": "eyJlMmJmYjczMC1lY2FhLTExZTYtOGY4OC0zNDM2M2JjN2M0YzAiOnsiY3JlYXRlIjoxODAwMDAwMDAwMDAwLCJkZWxldGUiOjE4MDAwMDAwMDAwMDAsInJlYWQiOjMwMDAwMDAwMDAwMCwidXBkYXRlIjoxODAwMDAwMDAwMDAwfX0=",
          "dependencies": [
            "azurerm_resource_group.terraform-test-3"
          ]
        }
      ]
    }
  ]
}
